
Microsoft Visual Studio Solution File, Format Version 12.00
# Visual Studio Version 16
VisualStudioVersion = 16.0.29613.14
MinimumVisualStudioVersion = 10.0.40219.1
Project("{FAE04EC0-301F-11D3-BF4B-00C04F79EFBC}") = "WebSite", "WebSite\WebSite.csproj", "{68EE3EEE-5D80-47F2-A9A0-4AA51B3C87EC}"
EndProject
Project("{151D2E53-A2C4-4D7D-83FE-D05416EBD58E}") = "AzureResources", "AzureResources\AzureResources.deployproj", "{754A9F0C-6FA2-4B8E-9A09-FA56BD6F102A}"
EndProject
Project("{FAE04EC0-301F-11D3-BF4B-00C04F79EFBC}") = "AzureTableService.Core", "AzureTableService.Core\AzureTableService.Core.csproj", "{5A965299-8668-4109-90C5-1A1C496722DA}"
EndProject
Project("{FAE04EC0-301F-11D3-BF4B-00C04F79EFBC}") = "AzureTableService.Storage", "AzureTableService.Storage\AzureTableService.Storage.csproj", "{62CE229F-4223-4566-B846-205C159B3F1F}"
EndProject
Global
	GlobalSection(SolutionConfigurationPlatforms) = preSolution
		Debug|Any CPU = Debug|Any CPU
		Release|Any CPU = Release|Any CPU
	EndGlobalSection
	GlobalSection(ProjectConfigurationPlatforms) = postSolution
		{68EE3EEE-5D80-47F2-A9A0-4AA51B3C87EC}.Debug|Any CPU.ActiveCfg = Debug|Any CPU
		{68EE3EEE-5D80-47F2-A9A0-4AA51B3C87EC}.Debug|Any CPU.Build.0 = Debug|Any CPU
		{68EE3EEE-5D80-47F2-A9A0-4AA51B3C87EC}.Release|Any CPU.ActiveCfg = Release|Any CPU
		{68EE3EEE-5D80-47F2-A9A0-4AA51B3C87EC}.Release|Any CPU.Build.0 = Release|Any CPU
		{754A9F0C-6FA2-4B8E-9A09-FA56BD6F102A}.Debug|Any CPU.ActiveCfg = Debug|Any CPU
		{754A9F0C-6FA2-4B8E-9A09-FA56BD6F102A}.Debug|Any CPU.Build.0 = Debug|Any CPU
		{754A9F0C-6FA2-4B8E-9A09-FA56BD6F102A}.Release|Any CPU.ActiveCfg = Release|Any CPU
		{754A9F0C-6FA2-4B8E-9A09-FA56BD6F102A}.Release|Any CPU.Build.0 = Release|Any CPU
		{5A965299-8668-4109-90C5-1A1C496722DA}.Debug|Any CPU.ActiveCfg = Debug|Any CPU
		{5A965299-8668-4109-90C5-1A1C496722DA}.Debug|Any CPU.Build.0 = Debug|Any CPU
		{5A965299-8668-4109-90C5-1A1C496722DA}.Release|Any CPU.ActiveCfg = Release|Any CPU
		{5A965299-8668-4109-90C5-1A1C496722DA}.Release|Any CPU.Build.0 = Release|Any CPU
		{62CE229F-4223-4566-B846-205C159B3F1F}.Debug|Any CPU.ActiveCfg = Debug|Any CPU
		{62CE229F-4223-4566-B846-205C159B3F1F}.Debug|Any CPU.Build.0 = Debug|Any CPU
		{62CE229F-4223-4566-B846-205C159B3F1F}.Release|Any CPU.ActiveCfg = Release|Any CPU
		{62CE229F-4223-4566-B846-205C159B3F1F}.Release|Any CPU.Build.0 = Release|Any CPU
	EndGlobalSection
	GlobalSection(SolutionProperties) = preSolution
		HideSolutionNode = FALSE
	EndGlobalSection
	GlobalSection(ExtensibilityGlobals) = postSolution
		SolutionGuid = {32145F9C-8A7C-4B06-8EC9-184744E83E87}
	EndGlobalSection
EndGlobal
