
Microsoft Visual Studio Solution File, Format Version 12.00
# Visual Studio Version 16
VisualStudioVersion = 16.0.29613.14
MinimumVisualStudioVersion = 10.0.40219.1
Project("{9A19103F-16F7-4668-BE54-9A1E7A4F7556}") = "WebSite", "WebSite\WebSite.csproj", "{B5262F71-DD3E-4200-86A4-BF69FFC9E0F9}"
EndProject
Project("{FAE04EC0-301F-11D3-BF4B-00C04F79EFBC}") = "DataAccess", "DataAccess\DataAccess.csproj", "{9B0E65E7-0A9E-4FA9-AF4E-6318A4EFE098}"
EndProject
Global
	GlobalSection(SolutionConfigurationPlatforms) = preSolution
		Debug|Any CPU = Debug|Any CPU
		Release|Any CPU = Release|Any CPU
	EndGlobalSection
	GlobalSection(ProjectConfigurationPlatforms) = postSolution
		{B5262F71-DD3E-4200-86A4-BF69FFC9E0F9}.Debug|Any CPU.ActiveCfg = Debug|Any CPU
		{B5262F71-DD3E-4200-86A4-BF69FFC9E0F9}.Debug|Any CPU.Build.0 = Debug|Any CPU
		{B5262F71-DD3E-4200-86A4-BF69FFC9E0F9}.Release|Any CPU.ActiveCfg = Release|Any CPU
		{B5262F71-DD3E-4200-86A4-BF69FFC9E0F9}.Release|Any CPU.Build.0 = Release|Any CPU
		{9B0E65E7-0A9E-4FA9-AF4E-6318A4EFE098}.Debug|Any CPU.ActiveCfg = Debug|Any CPU
		{9B0E65E7-0A9E-4FA9-AF4E-6318A4EFE098}.Debug|Any CPU.Build.0 = Debug|Any CPU
		{9B0E65E7-0A9E-4FA9-AF4E-6318A4EFE098}.Release|Any CPU.ActiveCfg = Release|Any CPU
		{9B0E65E7-0A9E-4FA9-AF4E-6318A4EFE098}.Release|Any CPU.Build.0 = Release|Any CPU
	EndGlobalSection
	GlobalSection(SolutionProperties) = preSolution
		HideSolutionNode = FALSE
	EndGlobalSection
	GlobalSection(ExtensibilityGlobals) = postSolution
		SolutionGuid = {4F06EAEA-098B-43ED-998E-2D821FD22ED2}
	EndGlobalSection
EndGlobal
