
Microsoft Visual Studio Solution File, Format Version 12.00
# Visual Studio Version 17
VisualStudioVersion = 17.3.32929.385
MinimumVisualStudioVersion = 10.0.40219.1
Project("{FAE04EC0-301F-11D3-BF4B-00C04F79EFBC}") = "AzureStorageABAC.Console", "AzureStorageABAC.Console\AzureStorageABAC.Console.csproj", "{6DD2A882-CFB4-4768-BAAE-88B80800ABF0}"
EndProject
Global
	GlobalSection(SolutionConfigurationPlatforms) = preSolution
		Debug|Any CPU = Debug|Any CPU
		Release|Any CPU = Release|Any CPU
	EndGlobalSection
	GlobalSection(ProjectConfigurationPlatforms) = postSolution
		{6DD2A882-CFB4-4768-BAAE-88B80800ABF0}.Debug|Any CPU.ActiveCfg = Debug|Any CPU
		{6DD2A882-CFB4-4768-BAAE-88B80800ABF0}.Debug|Any CPU.Build.0 = Debug|Any CPU
		{6DD2A882-CFB4-4768-BAAE-88B80800ABF0}.Release|Any CPU.ActiveCfg = Release|Any CPU
		{6DD2A882-CFB4-4768-BAAE-88B80800ABF0}.Release|Any CPU.Build.0 = Release|Any CPU
	EndGlobalSection
	GlobalSection(SolutionProperties) = preSolution
		HideSolutionNode = FALSE
	EndGlobalSection
	GlobalSection(ExtensibilityGlobals) = postSolution
		SolutionGuid = {DF39B5C6-CF6E-4AF7-B896-3268CCCADB4B}
	EndGlobalSection
EndGlobal
